<?xml version="1.0" encoding="utf-8"?>
<Project ToolsVersion="4.0" xmlns="http://schemas.microsoft.com/developer/msbuild/2003">
  <ItemGroup>
    <FxCompile Include="GeneralModelCommon_vs.hlsl">
      <Filter>Shaders</Filter>
    </FxCompile>
    <FxCompile Include="LightModelsCommon_ps.hlsl">
      <Filter>Shaders</Filter>
    </FxCompile>
    <FxCompile Include="LightModelsCommon_vs.hlsl">
      <Filter>Shaders</Filter>
    </FxCompile>
    <FxCompile Include="Requirment1_ps.hlsl">
      <Filter>Shaders</Filter>
    </FxCompile>
    <FxCompile Include="Requirment2_ps.hlsl">
      <Filter>Shaders</Filter>
    </FxCompile>
    <FxCompile Include="Requirment2_vs.hlsl">
      <Filter>Shaders</Filter>
    </FxCompile>
    <FxCompile Include="Requirment3_ps.hlsl">
      <Filter>Shaders</Filter>
    </FxCompile>
    <FxCompile Include="Mirror_ps.hlsl">
      <Filter>Shaders</Filter>
    </FxCompile>
    <FxCompile Include="Portal_ps.hlsl">
      <Filter>Shaders</Filter>
    </FxCompile>
    <FxCompile Include="CommonPixelShader_ps.hlsl">
      <Filter>Shaders</Filter>
    </FxCompile>
    <FxCompile Include="ParalaxMapping_ps.hlsl">
      <Filter>Shaders</Filter>
    </FxCompile>
    <FxCompile Include="ParalaxMapping_vs.hlsl">
      <Filter>Shaders</Filter>
    </FxCompile>
    <FxCompile Include="NormalMapping_ps.hlsl">
      <Filter>Shaders</Filter>
    </FxCompile>
    <FxCompile Include="CartoonModel_ps.hlsl">
      <Filter>Shaders</Filter>
    </FxCompile>
    <FxCompile Include="CartoonModelOutline_ps.hlsl">
      <Filter>Shaders</Filter>
    </FxCompile>
    <FxCompile Include="CartoonModelOutline_vs.hlsl">
      <Filter>Shaders</Filter>
    </FxCompile>
  </ItemGroup>
  <ItemGroup>
    <ClCompile Include="Direct3DSetup.cpp" />
    <ClCompile Include="Main.cpp" />
    <ClCompile Include="Scene.cpp" />
    <ClCompile Include="Shader.cpp" />
    <ClCompile Include="Utility\Input.cpp">
      <Filter>Utility</Filter>
    </ClCompile>
    <ClCompile Include="Utility\Timer.cpp">
      <Filter>Utility</Filter>
    </ClCompile>
    <ClCompile Include="Math\CMatrix4x4.cpp">
      <Filter>Math</Filter>
    </ClCompile>
    <ClCompile Include="Math\CVector2.cpp">
      <Filter>Math</Filter>
    </ClCompile>
    <ClCompile Include="Math\CVector3.cpp">
      <Filter>Math</Filter>
    </ClCompile>
    <ClCompile Include="State.cpp" />
    <ClCompile Include="Mesh.cpp" />
    <ClCompile Include="Model.cpp" />
    <ClCompile Include="Camera.cpp" />
    <ClCompile Include="Utility\GraphicsHelpers.cpp">
      <Filter>Utility</Filter>
    </ClCompile>
    <ClCompile Include="Object.cpp" />
    <ClCompile Include="Light.cpp" />
    <ClCompile Include="Requirment1.cpp">
      <Filter>Scenes</Filter>
    </ClCompile>
    <ClCompile Include="Requirment2.cpp">
      <Filter>Scenes</Filter>
    </ClCompile>
    <ClCompile Include="Requirment3.cpp">
      <Filter>Scenes</Filter>
    </ClCompile>
    <ClCompile Include="Requirment4.cpp">
      <Filter>Scenes</Filter>
    </ClCompile>
    <ClCompile Include="Matrix.cpp">
      <Filter>Math</Filter>
    </ClCompile>
  </ItemGroup>
  <ItemGroup>
    <ClInclude Include="Common.h" />
    <ClInclude Include="Direct3DSetup.h" />
    <ClInclude Include="Scene.h" />
    <ClInclude Include="Shader.h" />
    <ClInclude Include="Utility\ColourRGBA.h">
      <Filter>Utility</Filter>
    </ClInclude>
    <ClInclude Include="Utility\Input.h">
      <Filter>Utility</Filter>
    </ClInclude>
    <ClInclude Include="Utility\Timer.h">
      <Filter>Utility</Filter>
    </ClInclude>
    <ClInclude Include="Math\CMatrix4x4.h">
      <Filter>Math</Filter>
    </ClInclude>
    <ClInclude Include="Math\CVector2.h">
      <Filter>Math</Filter>
    </ClInclude>
    <ClInclude Include="Math\CVector3.h">
      <Filter>Math</Filter>
    </ClInclude>
    <ClInclude Include="Math\MathHelpers.h">
      <Filter>Math</Filter>
    </ClInclude>
    <ClInclude Include="State.h" />
    <ClInclude Include="Mesh.h" />
    <ClInclude Include="Model.h" />
    <ClInclude Include="Camera.h" />
    <ClInclude Include="Utility\GraphicsHelpers.h">
      <Filter>Utility</Filter>
    </ClInclude>
    <ClInclude Include="Object.h" />
    <ClInclude Include="Light.h" />
    <ClInclude Include="SceneSample.h" />
    <ClInclude Include="Requirment1.h">
      <Filter>Scenes</Filter>
    </ClInclude>
    <ClInclude Include="Requirment2.h">
      <Filter>Scenes</Filter>
    </ClInclude>
    <ClInclude Include="Requirment3.h">
      <Filter>Scenes</Filter>
    </ClInclude>
    <ClInclude Include="Requirment4.h">
      <Filter>Scenes</Filter>
    </ClInclude>
    <ClInclude Include="Matrix.h">
      <Filter>Math</Filter>
    </ClInclude>
  </ItemGroup>
  <ItemGroup>
    <Filter Include="Utility">
      <UniqueIdentifier>{3b75a466-1b3f-44db-90a2-73a9bfc56583}</UniqueIdentifier>
    </Filter>
    <Filter Include="Shaders">
      <UniqueIdentifier>{1d198607-cf52-46a9-8994-554d241d97a0}</UniqueIdentifier>
    </Filter>
    <Filter Include="Math">
      <UniqueIdentifier>{739716ac-bd96-4e4c-b3a2-61c7fdfdea4e}</UniqueIdentifier>
    </Filter>
    <Filter Include="Scenes">
      <UniqueIdentifier>{3d1e75c4-b10e-4c25-bead-5d94e9850124}</UniqueIdentifier>
    </Filter>
  </ItemGroup>
  <ItemGroup>
    <None Include="Common.hlsli">
      <Filter>Shaders</Filter>
    </None>
  </ItemGroup>
</Project>